
Microsoft Visual Studio Solution File, Format Version 12.00
# Visual Studio Version 16
VisualStudioVersion = 16.0.31229.75
MinimumVisualStudioVersion = 10.0.40219.1
Project("{FAE04EC0-301F-11D3-BF4B-00C04F79EFBC}") = "WorkingHoursNotificationControl", "WorkingHoursNotificationControl\WorkingHoursNotificationControl.csproj", "{33FC661A-9147-4D2D-8E62-8838FD402607}"
EndProject
Global
	GlobalSection(SolutionConfigurationPlatforms) = preSolution
		Debug|Any CPU = Debug|Any CPU
		Release|Any CPU = Release|Any CPU
	EndGlobalSection
	GlobalSection(ProjectConfigurationPlatforms) = postSolution
		{33FC661A-9147-4D2D-8E62-8838FD402607}.Debug|Any CPU.ActiveCfg = Debug|Any CPU
		{33FC661A-9147-4D2D-8E62-8838FD402607}.Debug|Any CPU.Build.0 = Debug|Any CPU
		{33FC661A-9147-4D2D-8E62-8838FD402607}.Release|Any CPU.ActiveCfg = Release|Any CPU
		{33FC661A-9147-4D2D-8E62-8838FD402607}.Release|Any CPU.Build.0 = Release|Any CPU
	EndGlobalSection
	GlobalSection(SolutionProperties) = preSolution
		HideSolutionNode = FALSE
	EndGlobalSection
	GlobalSection(ExtensibilityGlobals) = postSolution
		SolutionGuid = {C01A105A-2493-4142-9B7B-F3E7C3C45B28}
	EndGlobalSection
EndGlobal
